{
  "version": 4,
  "terraform_version": "1.5.4",
  "serial": 15,
  "lineage": "3b639a7a-3e40-38fc-aaab-86ac7b156b9a",
  "outputs": {
    "vpc_id": {
      "value": "vpc-0db09bb2f47f818b6",
      "type": "string"
    },
    "vpc_name": {
      "value": "Packer_VPC",
      "type": "string"
    }
  },
  "resources": [
    {
      "mode": "managed",
      "type": "aws_s3_bucket",
      "name": "vhskpackertest",
      "provider": "provider[\"registry.terraform.io/hashicorp/aws\"]",
      "instances": [
        {
          "schema_version": 0,
          "attributes": {
            "acceleration_status": "",
            "acl": null,
            "arn": "arn:aws:s3:::hskpackertest",
            "bucket": "hskpackertest",
            "bucket_domain_name": "hskpackertest.s3.amazonaws.com",
            "bucket_prefix": "",
            "bucket_regional_domain_name": "hskpackertest.s3.us-east-1.amazonaws.com",
            "cors_rule": [],
            "force_destroy": false,
            "grant": [
              {
                "id": "5835ed6e1c47eaa77d9e1bdc86fd7147048bef329d9195c2229e1104a92dcc61",
                "permissions": [
                  "FULL_CONTROL"
                ],
                "type": "CanonicalUser",
                "uri": ""
              }
            ],
            "hosted_zone_id": "Z3AQBSTGFYJSTF",
            "id": "hskpackertest",
            "lifecycle_rule": [],
            "logging": [],
            "object_lock_configuration": [],
            "object_lock_enabled": false,
            "policy": "",
            "region": "us-east-1",
            "replication_configuration": [],
            "request_payer": "BucketOwner",
            "server_side_encryption_configuration": [
              {
                "rule": [
                  {
                    "apply_server_side_encryption_by_default": [
                      {
                        "kms_master_key_id": "",
                        "sse_algorithm": "AES256"
                      }
                    ],
                    "bucket_key_enabled": false
                  }
                ]
              }
            ],
            "tags": {
              "Environment": "QA",
              "Name": "hskpackertest"
            },
            "tags_all": {
              "Environment": "QA",
              "Name": "hskpackertest"
            },
            "timeouts": null,
            "versioning": [
              {
                "enabled": false,
                "mfa_delete": false
              }
            ],
            "website": [],
            "website_domain": null,
            "website_endpoint": null
          },
          "sensitive_attributes": [],
          "private": "eyJlMmJmYjczMC1lY2FhLTExZTYtOGY4OC0zNDM2M2JjN2M0YzAiOnsiY3JlYXRlIjoxMjAwMDAwMDAwMDAwLCJkZWxldGUiOjM2MDAwMDAwMDAwMDAsInJlYWQiOjEyMDAwMDAwMDAwMDAsInVwZGF0ZSI6MTIwMDAwMDAwMDAwMH19"
        }
      ]
    },
    {
      "mode": "managed",
      "type": "aws_vpc",
      "name": "default",
      "provider": "provider[\"registry.terraform.io/hashicorp/aws\"]",
      "instances": [
        {
          "schema_version": 1,
          "attributes": {
            "arn": "arn:aws:ec2:us-east-1:672905109278:vpc/vpc-0db09bb2f47f818b6",
            "assign_generated_ipv6_cidr_block": false,
            "cidr_block": "10.1.0.0/16",
            "default_network_acl_id": "acl-08ceff9dee157cda8",
            "default_route_table_id": "rtb-08b7a10f98a45daa0",
            "default_security_group_id": "sg-0293a1a6542328428",
            "dhcp_options_id": "dopt-0e067b33b58b6d714",
            "enable_dns_hostnames": true,
            "enable_dns_support": true,
            "enable_network_address_usage_metrics": false,
            "id": "vpc-0db09bb2f47f818b6",
            "instance_tenancy": "default",
            "ipv4_ipam_pool_id": null,
            "ipv4_netmask_length": null,
            "ipv6_association_id": "",
            "ipv6_cidr_block": "",
            "ipv6_cidr_block_network_border_group": "",
            "ipv6_ipam_pool_id": "",
            "ipv6_netmask_length": 0,
            "main_route_table_id": "rtb-08b7a10f98a45daa0",
            "owner_id": "672905109278",
            "tags": {
              "Name": "Packer_VPC",
              "Owner": "No"
            },
            "tags_all": {
              "Name": "Packer_VPC",
              "Owner": "No"
            }
          },
          "sensitive_attributes": [],
          "private": "eyJzY2hlbWFfdmVyc2lvbiI6IjEifQ=="
        }
      ]
    }
  ],
  "check_results": null
}
